
Microsoft Visual Studio Solution File, Format Version 12.00
# Visual Studio 15
VisualStudioVersion = 15.0.28010.2048
MinimumVisualStudioVersion = 10.0.40219.1
Project("{FAE04EC0-301F-11D3-BF4B-00C04F79EFBC}") = "Distance", "Distance\Distance.csproj", "{B8A76F9C-B141-4F0D-B5A7-77DC451451D3}"
EndProject
Project("{2150E333-8FDC-42A3-9474-1A3956D46DE8}") = "Tests", "Tests", "{BC40B753-C02F-4549-869C-C78CD7D08C27}"
EndProject
Project("{FAE04EC0-301F-11D3-BF4B-00C04F79EFBC}") = "Distance.Tests", "Distance.Tests\Distance.Tests.csproj", "{67FA2144-594B-4E11-8444-C7D7EE668CD3}"
EndProject
Global
	GlobalSection(SolutionConfigurationPlatforms) = preSolution
		Debug|Any CPU = Debug|Any CPU
		Release|Any CPU = Release|Any CPU
	EndGlobalSection
	GlobalSection(ProjectConfigurationPlatforms) = postSolution
		{B8A76F9C-B141-4F0D-B5A7-77DC451451D3}.Debug|Any CPU.ActiveCfg = Debug|Any CPU
		{B8A76F9C-B141-4F0D-B5A7-77DC451451D3}.Debug|Any CPU.Build.0 = Debug|Any CPU
		{B8A76F9C-B141-4F0D-B5A7-77DC451451D3}.Release|Any CPU.ActiveCfg = Release|Any CPU
		{B8A76F9C-B141-4F0D-B5A7-77DC451451D3}.Release|Any CPU.Build.0 = Release|Any CPU
		{67FA2144-594B-4E11-8444-C7D7EE668CD3}.Debug|Any CPU.ActiveCfg = Debug|Any CPU
		{67FA2144-594B-4E11-8444-C7D7EE668CD3}.Debug|Any CPU.Build.0 = Debug|Any CPU
		{67FA2144-594B-4E11-8444-C7D7EE668CD3}.Release|Any CPU.ActiveCfg = Release|Any CPU
		{67FA2144-594B-4E11-8444-C7D7EE668CD3}.Release|Any CPU.Build.0 = Release|Any CPU
	EndGlobalSection
	GlobalSection(SolutionProperties) = preSolution
		HideSolutionNode = FALSE
	EndGlobalSection
	GlobalSection(NestedProjects) = preSolution
		{67FA2144-594B-4E11-8444-C7D7EE668CD3} = {BC40B753-C02F-4549-869C-C78CD7D08C27}
	EndGlobalSection
	GlobalSection(ExtensibilityGlobals) = postSolution
		SolutionGuid = {29B50510-0BCE-4C86-AFE4-E4CDD8B4502E}
	EndGlobalSection
EndGlobal
